# This file is automatically @generated by Cargo.
# It is not intended for manual editing.
version = 3

[[package]]
name = "phoron_asm"
version = "0.1.0"
dependencies = [
 "phoron_core 0.3.0 (registry+https://github.com/rust-lang/crates.io-index)",
]

[[package]]
name = "phoron_core"
version = "0.3.0"

[[package]]
name = "phoron_core"
version = "0.3.0"
source = "registry+https://github.com/rust-lang/crates.io-index"
checksum = "a4b30b904b7629e45636759e2a8bba32555dc1c97c94db840ded0318809cd603"
